
Microsoft Visual Studio Solution File, Format Version 12.00
# Visual Studio 15
VisualStudioVersion = 15.0.26124.0
MinimumVisualStudioVersion = 15.0.26124.0
Project("{2150E333-8FDC-42A3-9474-1A3956D46DE8}") = "Code", "Code", "{E1961BBA-DA19-4BE8-AC9B-B60B86B307BB}"
EndProject
Project("{FAE04EC0-301F-11D3-BF4B-00C04F79EFBC}") = "testtest.Api", "Code\testtest.Api\testtest.Api.csproj", "{2F298D19-49A9-4AF9-B76D-9E805E64EF5E}"
EndProject
Project("{FAE04EC0-301F-11D3-BF4B-00C04F79EFBC}") = "testtest.BusinessEntities", "Code\testtest.BusinessEntities\testtest.BusinessEntities.csproj", "{1A2D7E97-6BE2-4408-8659-DB6A56B9622E}"
EndProject
Project("{FAE04EC0-301F-11D3-BF4B-00C04F79EFBC}") = "testtest.BusinessServices", "Code\testtest.BusinessServices\testtest.BusinessServices.csproj", "{EFBCCB54-847F-43D2-B5AE-BE4E96B76327}"
EndProject
Project("{FAE04EC0-301F-11D3-BF4B-00C04F79EFBC}") = "testtest.Contracts", "Code\testtest.Contracts\testtest.Contracts.csproj", "{D7F76923-C1DE-40BA-892A-A7A502E5ED16}"
EndProject
Project("{FAE04EC0-301F-11D3-BF4B-00C04F79EFBC}") = "testtest.Data", "Code\testtest.Data\testtest.Data.csproj", "{0B37A883-A2C0-4860-86F8-E5FC49D351CB}"
EndProject
Project("{FAE04EC0-301F-11D3-BF4B-00C04F79EFBC}") = "testtest.Test.Api", "Code\testtest.Test.Api\testtest.Test.Api.csproj", "{738FA263-EF3B-4B4B-97AC-6B4D932CB4D9}"
EndProject
Project("{FAE04EC0-301F-11D3-BF4B-00C04F79EFBC}") = "testtest.Test.Business", "Code\testtest.Test.Business\testtest.Test.Business.csproj", "{E5A0354B-E297-4CE6-9F57-CDCC3D4ED905}"
EndProject
Project("{FAE04EC0-301F-11D3-BF4B-00C04F79EFBC}") = "testtest.Test.Framework", "Code\testtest.Test.Framework\testtest.Test.Framework.csproj", "{EFACE2CA-F48D-4793-B8E6-C8CD04DA2ECB}"
EndProject
Project("{2150E333-8FDC-42A3-9474-1A3956D46DE8}") = "Test", "Test", "{DCD78AE6-B68B-49AC-B221-B4AC845CC7DE}"
EndProject
Global
	GlobalSection(SolutionConfigurationPlatforms) = preSolution
		Debug|Any CPU = Debug|Any CPU
		Debug|x64 = Debug|x64
		Debug|x86 = Debug|x86
		Release|Any CPU = Release|Any CPU
		Release|x64 = Release|x64
		Release|x86 = Release|x86
	EndGlobalSection
	GlobalSection(SolutionProperties) = preSolution
		HideSolutionNode = FALSE
	EndGlobalSection
	GlobalSection(ProjectConfigurationPlatforms) = postSolution
		{2F298D19-49A9-4AF9-B76D-9E805E64EF5E}.Debug|Any CPU.ActiveCfg = Debug|Any CPU
		{2F298D19-49A9-4AF9-B76D-9E805E64EF5E}.Debug|Any CPU.Build.0 = Debug|Any CPU
		{2F298D19-49A9-4AF9-B76D-9E805E64EF5E}.Debug|x64.ActiveCfg = Debug|Any CPU
		{2F298D19-49A9-4AF9-B76D-9E805E64EF5E}.Debug|x64.Build.0 = Debug|Any CPU
		{2F298D19-49A9-4AF9-B76D-9E805E64EF5E}.Debug|x86.ActiveCfg = Debug|Any CPU
		{2F298D19-49A9-4AF9-B76D-9E805E64EF5E}.Debug|x86.Build.0 = Debug|Any CPU
		{2F298D19-49A9-4AF9-B76D-9E805E64EF5E}.Release|Any CPU.ActiveCfg = Release|Any CPU
		{2F298D19-49A9-4AF9-B76D-9E805E64EF5E}.Release|Any CPU.Build.0 = Release|Any CPU
		{2F298D19-49A9-4AF9-B76D-9E805E64EF5E}.Release|x64.ActiveCfg = Release|Any CPU
		{2F298D19-49A9-4AF9-B76D-9E805E64EF5E}.Release|x64.Build.0 = Release|Any CPU
		{2F298D19-49A9-4AF9-B76D-9E805E64EF5E}.Release|x86.ActiveCfg = Release|Any CPU
		{2F298D19-49A9-4AF9-B76D-9E805E64EF5E}.Release|x86.Build.0 = Release|Any CPU
		{1A2D7E97-6BE2-4408-8659-DB6A56B9622E}.Debug|Any CPU.ActiveCfg = Debug|Any CPU
		{1A2D7E97-6BE2-4408-8659-DB6A56B9622E}.Debug|Any CPU.Build.0 = Debug|Any CPU
		{1A2D7E97-6BE2-4408-8659-DB6A56B9622E}.Debug|x64.ActiveCfg = Debug|Any CPU
		{1A2D7E97-6BE2-4408-8659-DB6A56B9622E}.Debug|x64.Build.0 = Debug|Any CPU
		{1A2D7E97-6BE2-4408-8659-DB6A56B9622E}.Debug|x86.ActiveCfg = Debug|Any CPU
		{1A2D7E97-6BE2-4408-8659-DB6A56B9622E}.Debug|x86.Build.0 = Debug|Any CPU
		{1A2D7E97-6BE2-4408-8659-DB6A56B9622E}.Release|Any CPU.ActiveCfg = Release|Any CPU
		{1A2D7E97-6BE2-4408-8659-DB6A56B9622E}.Release|Any CPU.Build.0 = Release|Any CPU
		{1A2D7E97-6BE2-4408-8659-DB6A56B9622E}.Release|x64.ActiveCfg = Release|Any CPU
		{1A2D7E97-6BE2-4408-8659-DB6A56B9622E}.Release|x64.Build.0 = Release|Any CPU
		{1A2D7E97-6BE2-4408-8659-DB6A56B9622E}.Release|x86.ActiveCfg = Release|Any CPU
		{1A2D7E97-6BE2-4408-8659-DB6A56B9622E}.Release|x86.Build.0 = Release|Any CPU
		{EFBCCB54-847F-43D2-B5AE-BE4E96B76327}.Debug|Any CPU.ActiveCfg = Debug|Any CPU
		{EFBCCB54-847F-43D2-B5AE-BE4E96B76327}.Debug|Any CPU.Build.0 = Debug|Any CPU
		{EFBCCB54-847F-43D2-B5AE-BE4E96B76327}.Debug|x64.ActiveCfg = Debug|Any CPU
		{EFBCCB54-847F-43D2-B5AE-BE4E96B76327}.Debug|x64.Build.0 = Debug|Any CPU
		{EFBCCB54-847F-43D2-B5AE-BE4E96B76327}.Debug|x86.ActiveCfg = Debug|Any CPU
		{EFBCCB54-847F-43D2-B5AE-BE4E96B76327}.Debug|x86.Build.0 = Debug|Any CPU
		{EFBCCB54-847F-43D2-B5AE-BE4E96B76327}.Release|Any CPU.ActiveCfg = Release|Any CPU
		{EFBCCB54-847F-43D2-B5AE-BE4E96B76327}.Release|Any CPU.Build.0 = Release|Any CPU
		{EFBCCB54-847F-43D2-B5AE-BE4E96B76327}.Release|x64.ActiveCfg = Release|Any CPU
		{EFBCCB54-847F-43D2-B5AE-BE4E96B76327}.Release|x64.Build.0 = Release|Any CPU
		{EFBCCB54-847F-43D2-B5AE-BE4E96B76327}.Release|x86.ActiveCfg = Release|Any CPU
		{EFBCCB54-847F-43D2-B5AE-BE4E96B76327}.Release|x86.Build.0 = Release|Any CPU
		{D7F76923-C1DE-40BA-892A-A7A502E5ED16}.Debug|Any CPU.ActiveCfg = Debug|Any CPU
		{D7F76923-C1DE-40BA-892A-A7A502E5ED16}.Debug|Any CPU.Build.0 = Debug|Any CPU
		{D7F76923-C1DE-40BA-892A-A7A502E5ED16}.Debug|x64.ActiveCfg = Debug|Any CPU
		{D7F76923-C1DE-40BA-892A-A7A502E5ED16}.Debug|x64.Build.0 = Debug|Any CPU
		{D7F76923-C1DE-40BA-892A-A7A502E5ED16}.Debug|x86.ActiveCfg = Debug|Any CPU
		{D7F76923-C1DE-40BA-892A-A7A502E5ED16}.Debug|x86.Build.0 = Debug|Any CPU
		{D7F76923-C1DE-40BA-892A-A7A502E5ED16}.Release|Any CPU.ActiveCfg = Release|Any CPU
		{D7F76923-C1DE-40BA-892A-A7A502E5ED16}.Release|Any CPU.Build.0 = Release|Any CPU
		{D7F76923-C1DE-40BA-892A-A7A502E5ED16}.Release|x64.ActiveCfg = Release|Any CPU
		{D7F76923-C1DE-40BA-892A-A7A502E5ED16}.Release|x64.Build.0 = Release|Any CPU
		{D7F76923-C1DE-40BA-892A-A7A502E5ED16}.Release|x86.ActiveCfg = Release|Any CPU
		{D7F76923-C1DE-40BA-892A-A7A502E5ED16}.Release|x86.Build.0 = Release|Any CPU
		{0B37A883-A2C0-4860-86F8-E5FC49D351CB}.Debug|Any CPU.ActiveCfg = Debug|Any CPU
		{0B37A883-A2C0-4860-86F8-E5FC49D351CB}.Debug|Any CPU.Build.0 = Debug|Any CPU
		{0B37A883-A2C0-4860-86F8-E5FC49D351CB}.Debug|x64.ActiveCfg = Debug|Any CPU
		{0B37A883-A2C0-4860-86F8-E5FC49D351CB}.Debug|x64.Build.0 = Debug|Any CPU
		{0B37A883-A2C0-4860-86F8-E5FC49D351CB}.Debug|x86.ActiveCfg = Debug|Any CPU
		{0B37A883-A2C0-4860-86F8-E5FC49D351CB}.Debug|x86.Build.0 = Debug|Any CPU
		{0B37A883-A2C0-4860-86F8-E5FC49D351CB}.Release|Any CPU.ActiveCfg = Release|Any CPU
		{0B37A883-A2C0-4860-86F8-E5FC49D351CB}.Release|Any CPU.Build.0 = Release|Any CPU
		{0B37A883-A2C0-4860-86F8-E5FC49D351CB}.Release|x64.ActiveCfg = Release|Any CPU
		{0B37A883-A2C0-4860-86F8-E5FC49D351CB}.Release|x64.Build.0 = Release|Any CPU
		{0B37A883-A2C0-4860-86F8-E5FC49D351CB}.Release|x86.ActiveCfg = Release|Any CPU
		{0B37A883-A2C0-4860-86F8-E5FC49D351CB}.Release|x86.Build.0 = Release|Any CPU
		{738FA263-EF3B-4B4B-97AC-6B4D932CB4D9}.Debug|Any CPU.ActiveCfg = Debug|Any CPU
		{738FA263-EF3B-4B4B-97AC-6B4D932CB4D9}.Debug|Any CPU.Build.0 = Debug|Any CPU
		{738FA263-EF3B-4B4B-97AC-6B4D932CB4D9}.Debug|x64.ActiveCfg = Debug|Any CPU
		{738FA263-EF3B-4B4B-97AC-6B4D932CB4D9}.Debug|x64.Build.0 = Debug|Any CPU
		{738FA263-EF3B-4B4B-97AC-6B4D932CB4D9}.Debug|x86.ActiveCfg = Debug|Any CPU
		{738FA263-EF3B-4B4B-97AC-6B4D932CB4D9}.Debug|x86.Build.0 = Debug|Any CPU
		{738FA263-EF3B-4B4B-97AC-6B4D932CB4D9}.Release|Any CPU.ActiveCfg = Release|Any CPU
		{738FA263-EF3B-4B4B-97AC-6B4D932CB4D9}.Release|Any CPU.Build.0 = Release|Any CPU
		{738FA263-EF3B-4B4B-97AC-6B4D932CB4D9}.Release|x64.ActiveCfg = Release|Any CPU
		{738FA263-EF3B-4B4B-97AC-6B4D932CB4D9}.Release|x64.Build.0 = Release|Any CPU
		{738FA263-EF3B-4B4B-97AC-6B4D932CB4D9}.Release|x86.ActiveCfg = Release|Any CPU
		{738FA263-EF3B-4B4B-97AC-6B4D932CB4D9}.Release|x86.Build.0 = Release|Any CPU
		{E5A0354B-E297-4CE6-9F57-CDCC3D4ED905}.Debug|Any CPU.ActiveCfg = Debug|Any CPU
		{E5A0354B-E297-4CE6-9F57-CDCC3D4ED905}.Debug|Any CPU.Build.0 = Debug|Any CPU
		{E5A0354B-E297-4CE6-9F57-CDCC3D4ED905}.Debug|x64.ActiveCfg = Debug|Any CPU
		{E5A0354B-E297-4CE6-9F57-CDCC3D4ED905}.Debug|x64.Build.0 = Debug|Any CPU
		{E5A0354B-E297-4CE6-9F57-CDCC3D4ED905}.Debug|x86.ActiveCfg = Debug|Any CPU
		{E5A0354B-E297-4CE6-9F57-CDCC3D4ED905}.Debug|x86.Build.0 = Debug|Any CPU
		{E5A0354B-E297-4CE6-9F57-CDCC3D4ED905}.Release|Any CPU.ActiveCfg = Release|Any CPU
		{E5A0354B-E297-4CE6-9F57-CDCC3D4ED905}.Release|Any CPU.Build.0 = Release|Any CPU
		{E5A0354B-E297-4CE6-9F57-CDCC3D4ED905}.Release|x64.ActiveCfg = Release|Any CPU
		{E5A0354B-E297-4CE6-9F57-CDCC3D4ED905}.Release|x64.Build.0 = Release|Any CPU
		{E5A0354B-E297-4CE6-9F57-CDCC3D4ED905}.Release|x86.ActiveCfg = Release|Any CPU
		{E5A0354B-E297-4CE6-9F57-CDCC3D4ED905}.Release|x86.Build.0 = Release|Any CPU
		{EFACE2CA-F48D-4793-B8E6-C8CD04DA2ECB}.Debug|Any CPU.ActiveCfg = Debug|Any CPU
		{EFACE2CA-F48D-4793-B8E6-C8CD04DA2ECB}.Debug|Any CPU.Build.0 = Debug|Any CPU
		{EFACE2CA-F48D-4793-B8E6-C8CD04DA2ECB}.Debug|x64.ActiveCfg = Debug|Any CPU
		{EFACE2CA-F48D-4793-B8E6-C8CD04DA2ECB}.Debug|x64.Build.0 = Debug|Any CPU
		{EFACE2CA-F48D-4793-B8E6-C8CD04DA2ECB}.Debug|x86.ActiveCfg = Debug|Any CPU
		{EFACE2CA-F48D-4793-B8E6-C8CD04DA2ECB}.Debug|x86.Build.0 = Debug|Any CPU
		{EFACE2CA-F48D-4793-B8E6-C8CD04DA2ECB}.Release|Any CPU.ActiveCfg = Release|Any CPU
		{EFACE2CA-F48D-4793-B8E6-C8CD04DA2ECB}.Release|Any CPU.Build.0 = Release|Any CPU
		{EFACE2CA-F48D-4793-B8E6-C8CD04DA2ECB}.Release|x64.ActiveCfg = Release|Any CPU
		{EFACE2CA-F48D-4793-B8E6-C8CD04DA2ECB}.Release|x64.Build.0 = Release|Any CPU
		{EFACE2CA-F48D-4793-B8E6-C8CD04DA2ECB}.Release|x86.ActiveCfg = Release|Any CPU
		{EFACE2CA-F48D-4793-B8E6-C8CD04DA2ECB}.Release|x86.Build.0 = Release|Any CPU
	EndGlobalSection
	GlobalSection(NestedProjects) = preSolution
		{2F298D19-49A9-4AF9-B76D-9E805E64EF5E} = {E1961BBA-DA19-4BE8-AC9B-B60B86B307BB}
		{1A2D7E97-6BE2-4408-8659-DB6A56B9622E} = {E1961BBA-DA19-4BE8-AC9B-B60B86B307BB}
		{EFBCCB54-847F-43D2-B5AE-BE4E96B76327} = {E1961BBA-DA19-4BE8-AC9B-B60B86B307BB}
		{D7F76923-C1DE-40BA-892A-A7A502E5ED16} = {E1961BBA-DA19-4BE8-AC9B-B60B86B307BB}
		{0B37A883-A2C0-4860-86F8-E5FC49D351CB} = {E1961BBA-DA19-4BE8-AC9B-B60B86B307BB}
		{738FA263-EF3B-4B4B-97AC-6B4D932CB4D9} = {DCD78AE6-B68B-49AC-B221-B4AC845CC7DE}
		{E5A0354B-E297-4CE6-9F57-CDCC3D4ED905} = {DCD78AE6-B68B-49AC-B221-B4AC845CC7DE}
		{EFACE2CA-F48D-4793-B8E6-C8CD04DA2ECB} = {DCD78AE6-B68B-49AC-B221-B4AC845CC7DE}
	EndGlobalSection
EndGlobal
