
Microsoft Visual Studio Solution File, Format Version 12.00
# Visual Studio 15
VisualStudioVersion = 15.0.26124.0
MinimumVisualStudioVersion = 15.0.26124.0
Project("{2150E333-8FDC-42A3-9474-1A3956D46DE8}") = "Code", "Code", "{5FAC54A1-8CAA-4ACB-8D66-C90751A98781}"
EndProject
Project("{FAE04EC0-301F-11D3-BF4B-00C04F79EFBC}") = "dottest.Api", "Code\dottest.Api\dottest.Api.csproj", "{76DBB433-F6A8-455C-AA16-785F0662E638}"
EndProject
Project("{FAE04EC0-301F-11D3-BF4B-00C04F79EFBC}") = "dottest.BusinessEntities", "Code\dottest.BusinessEntities\dottest.BusinessEntities.csproj", "{350207AB-25E0-4DDD-B044-77980812AE3F}"
EndProject
Project("{FAE04EC0-301F-11D3-BF4B-00C04F79EFBC}") = "dottest.BusinessServices", "Code\dottest.BusinessServices\dottest.BusinessServices.csproj", "{3053C088-C2D3-4FFF-8DD7-04F903D00AA9}"
EndProject
Project("{FAE04EC0-301F-11D3-BF4B-00C04F79EFBC}") = "dottest.Contracts", "Code\dottest.Contracts\dottest.Contracts.csproj", "{CC0049F9-1BB8-44D8-8F2E-B09D3D6D44E2}"
EndProject
Project("{FAE04EC0-301F-11D3-BF4B-00C04F79EFBC}") = "dottest.Data", "Code\dottest.Data\dottest.Data.csproj", "{4D8A588B-1B4F-47CD-A255-890FD7F0BBD9}"
EndProject
Project("{FAE04EC0-301F-11D3-BF4B-00C04F79EFBC}") = "dottest.Test.Api", "Code\dottest.Test.Api\dottest.Test.Api.csproj", "{5320561B-D223-446F-885E-6BBD5A917907}"
EndProject
Project("{FAE04EC0-301F-11D3-BF4B-00C04F79EFBC}") = "dottest.Test.Business", "Code\dottest.Test.Business\dottest.Test.Business.csproj", "{ED4B764B-3A75-4892-971D-A841193CFE4E}"
EndProject
Project("{FAE04EC0-301F-11D3-BF4B-00C04F79EFBC}") = "dottest.Test.Framework", "Code\dottest.Test.Framework\dottest.Test.Framework.csproj", "{4D890B44-C992-412F-BD32-1621697EC816}"
EndProject
Project("{2150E333-8FDC-42A3-9474-1A3956D46DE8}") = "Test", "Test", "{561177EC-7897-44E5-B4A1-B7A67E783051}"
EndProject
Global
	GlobalSection(SolutionConfigurationPlatforms) = preSolution
		Debug|Any CPU = Debug|Any CPU
		Debug|x64 = Debug|x64
		Debug|x86 = Debug|x86
		Release|Any CPU = Release|Any CPU
		Release|x64 = Release|x64
		Release|x86 = Release|x86
	EndGlobalSection
	GlobalSection(SolutionProperties) = preSolution
		HideSolutionNode = FALSE
	EndGlobalSection
	GlobalSection(ProjectConfigurationPlatforms) = postSolution
		{76DBB433-F6A8-455C-AA16-785F0662E638}.Debug|Any CPU.ActiveCfg = Debug|Any CPU
		{76DBB433-F6A8-455C-AA16-785F0662E638}.Debug|Any CPU.Build.0 = Debug|Any CPU
		{76DBB433-F6A8-455C-AA16-785F0662E638}.Debug|x64.ActiveCfg = Debug|Any CPU
		{76DBB433-F6A8-455C-AA16-785F0662E638}.Debug|x64.Build.0 = Debug|Any CPU
		{76DBB433-F6A8-455C-AA16-785F0662E638}.Debug|x86.ActiveCfg = Debug|Any CPU
		{76DBB433-F6A8-455C-AA16-785F0662E638}.Debug|x86.Build.0 = Debug|Any CPU
		{76DBB433-F6A8-455C-AA16-785F0662E638}.Release|Any CPU.ActiveCfg = Release|Any CPU
		{76DBB433-F6A8-455C-AA16-785F0662E638}.Release|Any CPU.Build.0 = Release|Any CPU
		{76DBB433-F6A8-455C-AA16-785F0662E638}.Release|x64.ActiveCfg = Release|Any CPU
		{76DBB433-F6A8-455C-AA16-785F0662E638}.Release|x64.Build.0 = Release|Any CPU
		{76DBB433-F6A8-455C-AA16-785F0662E638}.Release|x86.ActiveCfg = Release|Any CPU
		{76DBB433-F6A8-455C-AA16-785F0662E638}.Release|x86.Build.0 = Release|Any CPU
		{350207AB-25E0-4DDD-B044-77980812AE3F}.Debug|Any CPU.ActiveCfg = Debug|Any CPU
		{350207AB-25E0-4DDD-B044-77980812AE3F}.Debug|Any CPU.Build.0 = Debug|Any CPU
		{350207AB-25E0-4DDD-B044-77980812AE3F}.Debug|x64.ActiveCfg = Debug|Any CPU
		{350207AB-25E0-4DDD-B044-77980812AE3F}.Debug|x64.Build.0 = Debug|Any CPU
		{350207AB-25E0-4DDD-B044-77980812AE3F}.Debug|x86.ActiveCfg = Debug|Any CPU
		{350207AB-25E0-4DDD-B044-77980812AE3F}.Debug|x86.Build.0 = Debug|Any CPU
		{350207AB-25E0-4DDD-B044-77980812AE3F}.Release|Any CPU.ActiveCfg = Release|Any CPU
		{350207AB-25E0-4DDD-B044-77980812AE3F}.Release|Any CPU.Build.0 = Release|Any CPU
		{350207AB-25E0-4DDD-B044-77980812AE3F}.Release|x64.ActiveCfg = Release|Any CPU
		{350207AB-25E0-4DDD-B044-77980812AE3F}.Release|x64.Build.0 = Release|Any CPU
		{350207AB-25E0-4DDD-B044-77980812AE3F}.Release|x86.ActiveCfg = Release|Any CPU
		{350207AB-25E0-4DDD-B044-77980812AE3F}.Release|x86.Build.0 = Release|Any CPU
		{3053C088-C2D3-4FFF-8DD7-04F903D00AA9}.Debug|Any CPU.ActiveCfg = Debug|Any CPU
		{3053C088-C2D3-4FFF-8DD7-04F903D00AA9}.Debug|Any CPU.Build.0 = Debug|Any CPU
		{3053C088-C2D3-4FFF-8DD7-04F903D00AA9}.Debug|x64.ActiveCfg = Debug|Any CPU
		{3053C088-C2D3-4FFF-8DD7-04F903D00AA9}.Debug|x64.Build.0 = Debug|Any CPU
		{3053C088-C2D3-4FFF-8DD7-04F903D00AA9}.Debug|x86.ActiveCfg = Debug|Any CPU
		{3053C088-C2D3-4FFF-8DD7-04F903D00AA9}.Debug|x86.Build.0 = Debug|Any CPU
		{3053C088-C2D3-4FFF-8DD7-04F903D00AA9}.Release|Any CPU.ActiveCfg = Release|Any CPU
		{3053C088-C2D3-4FFF-8DD7-04F903D00AA9}.Release|Any CPU.Build.0 = Release|Any CPU
		{3053C088-C2D3-4FFF-8DD7-04F903D00AA9}.Release|x64.ActiveCfg = Release|Any CPU
		{3053C088-C2D3-4FFF-8DD7-04F903D00AA9}.Release|x64.Build.0 = Release|Any CPU
		{3053C088-C2D3-4FFF-8DD7-04F903D00AA9}.Release|x86.ActiveCfg = Release|Any CPU
		{3053C088-C2D3-4FFF-8DD7-04F903D00AA9}.Release|x86.Build.0 = Release|Any CPU
		{CC0049F9-1BB8-44D8-8F2E-B09D3D6D44E2}.Debug|Any CPU.ActiveCfg = Debug|Any CPU
		{CC0049F9-1BB8-44D8-8F2E-B09D3D6D44E2}.Debug|Any CPU.Build.0 = Debug|Any CPU
		{CC0049F9-1BB8-44D8-8F2E-B09D3D6D44E2}.Debug|x64.ActiveCfg = Debug|Any CPU
		{CC0049F9-1BB8-44D8-8F2E-B09D3D6D44E2}.Debug|x64.Build.0 = Debug|Any CPU
		{CC0049F9-1BB8-44D8-8F2E-B09D3D6D44E2}.Debug|x86.ActiveCfg = Debug|Any CPU
		{CC0049F9-1BB8-44D8-8F2E-B09D3D6D44E2}.Debug|x86.Build.0 = Debug|Any CPU
		{CC0049F9-1BB8-44D8-8F2E-B09D3D6D44E2}.Release|Any CPU.ActiveCfg = Release|Any CPU
		{CC0049F9-1BB8-44D8-8F2E-B09D3D6D44E2}.Release|Any CPU.Build.0 = Release|Any CPU
		{CC0049F9-1BB8-44D8-8F2E-B09D3D6D44E2}.Release|x64.ActiveCfg = Release|Any CPU
		{CC0049F9-1BB8-44D8-8F2E-B09D3D6D44E2}.Release|x64.Build.0 = Release|Any CPU
		{CC0049F9-1BB8-44D8-8F2E-B09D3D6D44E2}.Release|x86.ActiveCfg = Release|Any CPU
		{CC0049F9-1BB8-44D8-8F2E-B09D3D6D44E2}.Release|x86.Build.0 = Release|Any CPU
		{4D8A588B-1B4F-47CD-A255-890FD7F0BBD9}.Debug|Any CPU.ActiveCfg = Debug|Any CPU
		{4D8A588B-1B4F-47CD-A255-890FD7F0BBD9}.Debug|Any CPU.Build.0 = Debug|Any CPU
		{4D8A588B-1B4F-47CD-A255-890FD7F0BBD9}.Debug|x64.ActiveCfg = Debug|Any CPU
		{4D8A588B-1B4F-47CD-A255-890FD7F0BBD9}.Debug|x64.Build.0 = Debug|Any CPU
		{4D8A588B-1B4F-47CD-A255-890FD7F0BBD9}.Debug|x86.ActiveCfg = Debug|Any CPU
		{4D8A588B-1B4F-47CD-A255-890FD7F0BBD9}.Debug|x86.Build.0 = Debug|Any CPU
		{4D8A588B-1B4F-47CD-A255-890FD7F0BBD9}.Release|Any CPU.ActiveCfg = Release|Any CPU
		{4D8A588B-1B4F-47CD-A255-890FD7F0BBD9}.Release|Any CPU.Build.0 = Release|Any CPU
		{4D8A588B-1B4F-47CD-A255-890FD7F0BBD9}.Release|x64.ActiveCfg = Release|Any CPU
		{4D8A588B-1B4F-47CD-A255-890FD7F0BBD9}.Release|x64.Build.0 = Release|Any CPU
		{4D8A588B-1B4F-47CD-A255-890FD7F0BBD9}.Release|x86.ActiveCfg = Release|Any CPU
		{4D8A588B-1B4F-47CD-A255-890FD7F0BBD9}.Release|x86.Build.0 = Release|Any CPU
		{5320561B-D223-446F-885E-6BBD5A917907}.Debug|Any CPU.ActiveCfg = Debug|Any CPU
		{5320561B-D223-446F-885E-6BBD5A917907}.Debug|Any CPU.Build.0 = Debug|Any CPU
		{5320561B-D223-446F-885E-6BBD5A917907}.Debug|x64.ActiveCfg = Debug|Any CPU
		{5320561B-D223-446F-885E-6BBD5A917907}.Debug|x64.Build.0 = Debug|Any CPU
		{5320561B-D223-446F-885E-6BBD5A917907}.Debug|x86.ActiveCfg = Debug|Any CPU
		{5320561B-D223-446F-885E-6BBD5A917907}.Debug|x86.Build.0 = Debug|Any CPU
		{5320561B-D223-446F-885E-6BBD5A917907}.Release|Any CPU.ActiveCfg = Release|Any CPU
		{5320561B-D223-446F-885E-6BBD5A917907}.Release|Any CPU.Build.0 = Release|Any CPU
		{5320561B-D223-446F-885E-6BBD5A917907}.Release|x64.ActiveCfg = Release|Any CPU
		{5320561B-D223-446F-885E-6BBD5A917907}.Release|x64.Build.0 = Release|Any CPU
		{5320561B-D223-446F-885E-6BBD5A917907}.Release|x86.ActiveCfg = Release|Any CPU
		{5320561B-D223-446F-885E-6BBD5A917907}.Release|x86.Build.0 = Release|Any CPU
		{ED4B764B-3A75-4892-971D-A841193CFE4E}.Debug|Any CPU.ActiveCfg = Debug|Any CPU
		{ED4B764B-3A75-4892-971D-A841193CFE4E}.Debug|Any CPU.Build.0 = Debug|Any CPU
		{ED4B764B-3A75-4892-971D-A841193CFE4E}.Debug|x64.ActiveCfg = Debug|Any CPU
		{ED4B764B-3A75-4892-971D-A841193CFE4E}.Debug|x64.Build.0 = Debug|Any CPU
		{ED4B764B-3A75-4892-971D-A841193CFE4E}.Debug|x86.ActiveCfg = Debug|Any CPU
		{ED4B764B-3A75-4892-971D-A841193CFE4E}.Debug|x86.Build.0 = Debug|Any CPU
		{ED4B764B-3A75-4892-971D-A841193CFE4E}.Release|Any CPU.ActiveCfg = Release|Any CPU
		{ED4B764B-3A75-4892-971D-A841193CFE4E}.Release|Any CPU.Build.0 = Release|Any CPU
		{ED4B764B-3A75-4892-971D-A841193CFE4E}.Release|x64.ActiveCfg = Release|Any CPU
		{ED4B764B-3A75-4892-971D-A841193CFE4E}.Release|x64.Build.0 = Release|Any CPU
		{ED4B764B-3A75-4892-971D-A841193CFE4E}.Release|x86.ActiveCfg = Release|Any CPU
		{ED4B764B-3A75-4892-971D-A841193CFE4E}.Release|x86.Build.0 = Release|Any CPU
		{4D890B44-C992-412F-BD32-1621697EC816}.Debug|Any CPU.ActiveCfg = Debug|Any CPU
		{4D890B44-C992-412F-BD32-1621697EC816}.Debug|Any CPU.Build.0 = Debug|Any CPU
		{4D890B44-C992-412F-BD32-1621697EC816}.Debug|x64.ActiveCfg = Debug|Any CPU
		{4D890B44-C992-412F-BD32-1621697EC816}.Debug|x64.Build.0 = Debug|Any CPU
		{4D890B44-C992-412F-BD32-1621697EC816}.Debug|x86.ActiveCfg = Debug|Any CPU
		{4D890B44-C992-412F-BD32-1621697EC816}.Debug|x86.Build.0 = Debug|Any CPU
		{4D890B44-C992-412F-BD32-1621697EC816}.Release|Any CPU.ActiveCfg = Release|Any CPU
		{4D890B44-C992-412F-BD32-1621697EC816}.Release|Any CPU.Build.0 = Release|Any CPU
		{4D890B44-C992-412F-BD32-1621697EC816}.Release|x64.ActiveCfg = Release|Any CPU
		{4D890B44-C992-412F-BD32-1621697EC816}.Release|x64.Build.0 = Release|Any CPU
		{4D890B44-C992-412F-BD32-1621697EC816}.Release|x86.ActiveCfg = Release|Any CPU
		{4D890B44-C992-412F-BD32-1621697EC816}.Release|x86.Build.0 = Release|Any CPU
	EndGlobalSection
	GlobalSection(NestedProjects) = preSolution
		{76DBB433-F6A8-455C-AA16-785F0662E638} = {5FAC54A1-8CAA-4ACB-8D66-C90751A98781}
		{350207AB-25E0-4DDD-B044-77980812AE3F} = {5FAC54A1-8CAA-4ACB-8D66-C90751A98781}
		{3053C088-C2D3-4FFF-8DD7-04F903D00AA9} = {5FAC54A1-8CAA-4ACB-8D66-C90751A98781}
		{CC0049F9-1BB8-44D8-8F2E-B09D3D6D44E2} = {5FAC54A1-8CAA-4ACB-8D66-C90751A98781}
		{4D8A588B-1B4F-47CD-A255-890FD7F0BBD9} = {5FAC54A1-8CAA-4ACB-8D66-C90751A98781}
		{5320561B-D223-446F-885E-6BBD5A917907} = {561177EC-7897-44E5-B4A1-B7A67E783051}
		{ED4B764B-3A75-4892-971D-A841193CFE4E} = {561177EC-7897-44E5-B4A1-B7A67E783051}
		{4D890B44-C992-412F-BD32-1621697EC816} = {561177EC-7897-44E5-B4A1-B7A67E783051}
	EndGlobalSection
EndGlobal
