
Microsoft Visual Studio Solution File, Format Version 12.00
# Visual Studio 15
VisualStudioVersion = 15.0.26124.0
MinimumVisualStudioVersion = 15.0.26124.0
Project("{2150E333-8FDC-42A3-9474-1A3956D46DE8}") = "Code", "Code", "{A8190A13-5F90-4D7A-B561-06322F1A438D}"
EndProject
Project("{FAE04EC0-301F-11D3-BF4B-00C04F79EFBC}") = "mongotest.Api", "Code\mongotest.Api\mongotest.Api.csproj", "{B46D4918-C670-4924-8E9A-1B2FD9EED073}"
EndProject
Project("{FAE04EC0-301F-11D3-BF4B-00C04F79EFBC}") = "mongotest.BusinessEntities", "Code\mongotest.BusinessEntities\mongotest.BusinessEntities.csproj", "{3A813A25-F7D8-434B-A051-5DC4BBAE7E8C}"
EndProject
Project("{FAE04EC0-301F-11D3-BF4B-00C04F79EFBC}") = "mongotest.BusinessServices", "Code\mongotest.BusinessServices\mongotest.BusinessServices.csproj", "{407FCA1C-5924-477B-AB57-9BEA0B7318C2}"
EndProject
Project("{FAE04EC0-301F-11D3-BF4B-00C04F79EFBC}") = "mongotest.Contracts", "Code\mongotest.Contracts\mongotest.Contracts.csproj", "{600CDCBD-1292-4098-B7F2-66A7DC835E9F}"
EndProject
Project("{FAE04EC0-301F-11D3-BF4B-00C04F79EFBC}") = "mongotest.Data", "Code\mongotest.Data\mongotest.Data.csproj", "{9A20C405-914B-41B0-B831-FD8AA02F6CDB}"
EndProject
Project("{FAE04EC0-301F-11D3-BF4B-00C04F79EFBC}") = "mongotest.Test.Api", "Code\mongotest.Test.Api\mongotest.Test.Api.csproj", "{0CDD4E4A-DE59-4F2A-89AA-7E8CDA76B8AA}"
EndProject
Project("{FAE04EC0-301F-11D3-BF4B-00C04F79EFBC}") = "mongotest.Test.Business", "Code\mongotest.Test.Business\mongotest.Test.Business.csproj", "{5C9CD615-6970-4D23-AB0D-A147A1D51446}"
EndProject
Project("{FAE04EC0-301F-11D3-BF4B-00C04F79EFBC}") = "mongotest.Test.Framework", "Code\mongotest.Test.Framework\mongotest.Test.Framework.csproj", "{64AC0E57-FEB4-4AF2-8128-083F7CD640AC}"
EndProject
Project("{2150E333-8FDC-42A3-9474-1A3956D46DE8}") = "Test", "Test", "{5C9D87A9-9454-4325-92EE-6ED71294E26B}"
EndProject
Global
	GlobalSection(SolutionConfigurationPlatforms) = preSolution
		Debug|Any CPU = Debug|Any CPU
		Debug|x64 = Debug|x64
		Debug|x86 = Debug|x86
		Release|Any CPU = Release|Any CPU
		Release|x64 = Release|x64
		Release|x86 = Release|x86
	EndGlobalSection
	GlobalSection(SolutionProperties) = preSolution
		HideSolutionNode = FALSE
	EndGlobalSection
	GlobalSection(ProjectConfigurationPlatforms) = postSolution
		{B46D4918-C670-4924-8E9A-1B2FD9EED073}.Debug|Any CPU.ActiveCfg = Debug|Any CPU
		{B46D4918-C670-4924-8E9A-1B2FD9EED073}.Debug|Any CPU.Build.0 = Debug|Any CPU
		{B46D4918-C670-4924-8E9A-1B2FD9EED073}.Debug|x64.ActiveCfg = Debug|Any CPU
		{B46D4918-C670-4924-8E9A-1B2FD9EED073}.Debug|x64.Build.0 = Debug|Any CPU
		{B46D4918-C670-4924-8E9A-1B2FD9EED073}.Debug|x86.ActiveCfg = Debug|Any CPU
		{B46D4918-C670-4924-8E9A-1B2FD9EED073}.Debug|x86.Build.0 = Debug|Any CPU
		{B46D4918-C670-4924-8E9A-1B2FD9EED073}.Release|Any CPU.ActiveCfg = Release|Any CPU
		{B46D4918-C670-4924-8E9A-1B2FD9EED073}.Release|Any CPU.Build.0 = Release|Any CPU
		{B46D4918-C670-4924-8E9A-1B2FD9EED073}.Release|x64.ActiveCfg = Release|Any CPU
		{B46D4918-C670-4924-8E9A-1B2FD9EED073}.Release|x64.Build.0 = Release|Any CPU
		{B46D4918-C670-4924-8E9A-1B2FD9EED073}.Release|x86.ActiveCfg = Release|Any CPU
		{B46D4918-C670-4924-8E9A-1B2FD9EED073}.Release|x86.Build.0 = Release|Any CPU
		{3A813A25-F7D8-434B-A051-5DC4BBAE7E8C}.Debug|Any CPU.ActiveCfg = Debug|Any CPU
		{3A813A25-F7D8-434B-A051-5DC4BBAE7E8C}.Debug|Any CPU.Build.0 = Debug|Any CPU
		{3A813A25-F7D8-434B-A051-5DC4BBAE7E8C}.Debug|x64.ActiveCfg = Debug|Any CPU
		{3A813A25-F7D8-434B-A051-5DC4BBAE7E8C}.Debug|x64.Build.0 = Debug|Any CPU
		{3A813A25-F7D8-434B-A051-5DC4BBAE7E8C}.Debug|x86.ActiveCfg = Debug|Any CPU
		{3A813A25-F7D8-434B-A051-5DC4BBAE7E8C}.Debug|x86.Build.0 = Debug|Any CPU
		{3A813A25-F7D8-434B-A051-5DC4BBAE7E8C}.Release|Any CPU.ActiveCfg = Release|Any CPU
		{3A813A25-F7D8-434B-A051-5DC4BBAE7E8C}.Release|Any CPU.Build.0 = Release|Any CPU
		{3A813A25-F7D8-434B-A051-5DC4BBAE7E8C}.Release|x64.ActiveCfg = Release|Any CPU
		{3A813A25-F7D8-434B-A051-5DC4BBAE7E8C}.Release|x64.Build.0 = Release|Any CPU
		{3A813A25-F7D8-434B-A051-5DC4BBAE7E8C}.Release|x86.ActiveCfg = Release|Any CPU
		{3A813A25-F7D8-434B-A051-5DC4BBAE7E8C}.Release|x86.Build.0 = Release|Any CPU
		{407FCA1C-5924-477B-AB57-9BEA0B7318C2}.Debug|Any CPU.ActiveCfg = Debug|Any CPU
		{407FCA1C-5924-477B-AB57-9BEA0B7318C2}.Debug|Any CPU.Build.0 = Debug|Any CPU
		{407FCA1C-5924-477B-AB57-9BEA0B7318C2}.Debug|x64.ActiveCfg = Debug|Any CPU
		{407FCA1C-5924-477B-AB57-9BEA0B7318C2}.Debug|x64.Build.0 = Debug|Any CPU
		{407FCA1C-5924-477B-AB57-9BEA0B7318C2}.Debug|x86.ActiveCfg = Debug|Any CPU
		{407FCA1C-5924-477B-AB57-9BEA0B7318C2}.Debug|x86.Build.0 = Debug|Any CPU
		{407FCA1C-5924-477B-AB57-9BEA0B7318C2}.Release|Any CPU.ActiveCfg = Release|Any CPU
		{407FCA1C-5924-477B-AB57-9BEA0B7318C2}.Release|Any CPU.Build.0 = Release|Any CPU
		{407FCA1C-5924-477B-AB57-9BEA0B7318C2}.Release|x64.ActiveCfg = Release|Any CPU
		{407FCA1C-5924-477B-AB57-9BEA0B7318C2}.Release|x64.Build.0 = Release|Any CPU
		{407FCA1C-5924-477B-AB57-9BEA0B7318C2}.Release|x86.ActiveCfg = Release|Any CPU
		{407FCA1C-5924-477B-AB57-9BEA0B7318C2}.Release|x86.Build.0 = Release|Any CPU
		{600CDCBD-1292-4098-B7F2-66A7DC835E9F}.Debug|Any CPU.ActiveCfg = Debug|Any CPU
		{600CDCBD-1292-4098-B7F2-66A7DC835E9F}.Debug|Any CPU.Build.0 = Debug|Any CPU
		{600CDCBD-1292-4098-B7F2-66A7DC835E9F}.Debug|x64.ActiveCfg = Debug|Any CPU
		{600CDCBD-1292-4098-B7F2-66A7DC835E9F}.Debug|x64.Build.0 = Debug|Any CPU
		{600CDCBD-1292-4098-B7F2-66A7DC835E9F}.Debug|x86.ActiveCfg = Debug|Any CPU
		{600CDCBD-1292-4098-B7F2-66A7DC835E9F}.Debug|x86.Build.0 = Debug|Any CPU
		{600CDCBD-1292-4098-B7F2-66A7DC835E9F}.Release|Any CPU.ActiveCfg = Release|Any CPU
		{600CDCBD-1292-4098-B7F2-66A7DC835E9F}.Release|Any CPU.Build.0 = Release|Any CPU
		{600CDCBD-1292-4098-B7F2-66A7DC835E9F}.Release|x64.ActiveCfg = Release|Any CPU
		{600CDCBD-1292-4098-B7F2-66A7DC835E9F}.Release|x64.Build.0 = Release|Any CPU
		{600CDCBD-1292-4098-B7F2-66A7DC835E9F}.Release|x86.ActiveCfg = Release|Any CPU
		{600CDCBD-1292-4098-B7F2-66A7DC835E9F}.Release|x86.Build.0 = Release|Any CPU
		{9A20C405-914B-41B0-B831-FD8AA02F6CDB}.Debug|Any CPU.ActiveCfg = Debug|Any CPU
		{9A20C405-914B-41B0-B831-FD8AA02F6CDB}.Debug|Any CPU.Build.0 = Debug|Any CPU
		{9A20C405-914B-41B0-B831-FD8AA02F6CDB}.Debug|x64.ActiveCfg = Debug|Any CPU
		{9A20C405-914B-41B0-B831-FD8AA02F6CDB}.Debug|x64.Build.0 = Debug|Any CPU
		{9A20C405-914B-41B0-B831-FD8AA02F6CDB}.Debug|x86.ActiveCfg = Debug|Any CPU
		{9A20C405-914B-41B0-B831-FD8AA02F6CDB}.Debug|x86.Build.0 = Debug|Any CPU
		{9A20C405-914B-41B0-B831-FD8AA02F6CDB}.Release|Any CPU.ActiveCfg = Release|Any CPU
		{9A20C405-914B-41B0-B831-FD8AA02F6CDB}.Release|Any CPU.Build.0 = Release|Any CPU
		{9A20C405-914B-41B0-B831-FD8AA02F6CDB}.Release|x64.ActiveCfg = Release|Any CPU
		{9A20C405-914B-41B0-B831-FD8AA02F6CDB}.Release|x64.Build.0 = Release|Any CPU
		{9A20C405-914B-41B0-B831-FD8AA02F6CDB}.Release|x86.ActiveCfg = Release|Any CPU
		{9A20C405-914B-41B0-B831-FD8AA02F6CDB}.Release|x86.Build.0 = Release|Any CPU
		{0CDD4E4A-DE59-4F2A-89AA-7E8CDA76B8AA}.Debug|Any CPU.ActiveCfg = Debug|Any CPU
		{0CDD4E4A-DE59-4F2A-89AA-7E8CDA76B8AA}.Debug|Any CPU.Build.0 = Debug|Any CPU
		{0CDD4E4A-DE59-4F2A-89AA-7E8CDA76B8AA}.Debug|x64.ActiveCfg = Debug|Any CPU
		{0CDD4E4A-DE59-4F2A-89AA-7E8CDA76B8AA}.Debug|x64.Build.0 = Debug|Any CPU
		{0CDD4E4A-DE59-4F2A-89AA-7E8CDA76B8AA}.Debug|x86.ActiveCfg = Debug|Any CPU
		{0CDD4E4A-DE59-4F2A-89AA-7E8CDA76B8AA}.Debug|x86.Build.0 = Debug|Any CPU
		{0CDD4E4A-DE59-4F2A-89AA-7E8CDA76B8AA}.Release|Any CPU.ActiveCfg = Release|Any CPU
		{0CDD4E4A-DE59-4F2A-89AA-7E8CDA76B8AA}.Release|Any CPU.Build.0 = Release|Any CPU
		{0CDD4E4A-DE59-4F2A-89AA-7E8CDA76B8AA}.Release|x64.ActiveCfg = Release|Any CPU
		{0CDD4E4A-DE59-4F2A-89AA-7E8CDA76B8AA}.Release|x64.Build.0 = Release|Any CPU
		{0CDD4E4A-DE59-4F2A-89AA-7E8CDA76B8AA}.Release|x86.ActiveCfg = Release|Any CPU
		{0CDD4E4A-DE59-4F2A-89AA-7E8CDA76B8AA}.Release|x86.Build.0 = Release|Any CPU
		{5C9CD615-6970-4D23-AB0D-A147A1D51446}.Debug|Any CPU.ActiveCfg = Debug|Any CPU
		{5C9CD615-6970-4D23-AB0D-A147A1D51446}.Debug|Any CPU.Build.0 = Debug|Any CPU
		{5C9CD615-6970-4D23-AB0D-A147A1D51446}.Debug|x64.ActiveCfg = Debug|Any CPU
		{5C9CD615-6970-4D23-AB0D-A147A1D51446}.Debug|x64.Build.0 = Debug|Any CPU
		{5C9CD615-6970-4D23-AB0D-A147A1D51446}.Debug|x86.ActiveCfg = Debug|Any CPU
		{5C9CD615-6970-4D23-AB0D-A147A1D51446}.Debug|x86.Build.0 = Debug|Any CPU
		{5C9CD615-6970-4D23-AB0D-A147A1D51446}.Release|Any CPU.ActiveCfg = Release|Any CPU
		{5C9CD615-6970-4D23-AB0D-A147A1D51446}.Release|Any CPU.Build.0 = Release|Any CPU
		{5C9CD615-6970-4D23-AB0D-A147A1D51446}.Release|x64.ActiveCfg = Release|Any CPU
		{5C9CD615-6970-4D23-AB0D-A147A1D51446}.Release|x64.Build.0 = Release|Any CPU
		{5C9CD615-6970-4D23-AB0D-A147A1D51446}.Release|x86.ActiveCfg = Release|Any CPU
		{5C9CD615-6970-4D23-AB0D-A147A1D51446}.Release|x86.Build.0 = Release|Any CPU
		{64AC0E57-FEB4-4AF2-8128-083F7CD640AC}.Debug|Any CPU.ActiveCfg = Debug|Any CPU
		{64AC0E57-FEB4-4AF2-8128-083F7CD640AC}.Debug|Any CPU.Build.0 = Debug|Any CPU
		{64AC0E57-FEB4-4AF2-8128-083F7CD640AC}.Debug|x64.ActiveCfg = Debug|Any CPU
		{64AC0E57-FEB4-4AF2-8128-083F7CD640AC}.Debug|x64.Build.0 = Debug|Any CPU
		{64AC0E57-FEB4-4AF2-8128-083F7CD640AC}.Debug|x86.ActiveCfg = Debug|Any CPU
		{64AC0E57-FEB4-4AF2-8128-083F7CD640AC}.Debug|x86.Build.0 = Debug|Any CPU
		{64AC0E57-FEB4-4AF2-8128-083F7CD640AC}.Release|Any CPU.ActiveCfg = Release|Any CPU
		{64AC0E57-FEB4-4AF2-8128-083F7CD640AC}.Release|Any CPU.Build.0 = Release|Any CPU
		{64AC0E57-FEB4-4AF2-8128-083F7CD640AC}.Release|x64.ActiveCfg = Release|Any CPU
		{64AC0E57-FEB4-4AF2-8128-083F7CD640AC}.Release|x64.Build.0 = Release|Any CPU
		{64AC0E57-FEB4-4AF2-8128-083F7CD640AC}.Release|x86.ActiveCfg = Release|Any CPU
		{64AC0E57-FEB4-4AF2-8128-083F7CD640AC}.Release|x86.Build.0 = Release|Any CPU
	EndGlobalSection
	GlobalSection(NestedProjects) = preSolution
		{B46D4918-C670-4924-8E9A-1B2FD9EED073} = {A8190A13-5F90-4D7A-B561-06322F1A438D}
		{3A813A25-F7D8-434B-A051-5DC4BBAE7E8C} = {A8190A13-5F90-4D7A-B561-06322F1A438D}
		{407FCA1C-5924-477B-AB57-9BEA0B7318C2} = {A8190A13-5F90-4D7A-B561-06322F1A438D}
		{600CDCBD-1292-4098-B7F2-66A7DC835E9F} = {A8190A13-5F90-4D7A-B561-06322F1A438D}
		{9A20C405-914B-41B0-B831-FD8AA02F6CDB} = {A8190A13-5F90-4D7A-B561-06322F1A438D}
		{0CDD4E4A-DE59-4F2A-89AA-7E8CDA76B8AA} = {5C9D87A9-9454-4325-92EE-6ED71294E26B}
		{5C9CD615-6970-4D23-AB0D-A147A1D51446} = {5C9D87A9-9454-4325-92EE-6ED71294E26B}
		{64AC0E57-FEB4-4AF2-8128-083F7CD640AC} = {5C9D87A9-9454-4325-92EE-6ED71294E26B}
	EndGlobalSection
EndGlobal
